
Microsoft Visual Studio Solution File, Format Version 12.00
# Visual Studio 2013
Project("{FAE04EC0-301F-11D3-BF4B-00C04F79EFBC}") = "MadNumbers.CSharp", "MadNumbers.CSharp.csproj", "{FAB9EA0F-0E14-E34D-03F7-9A2AA6BBDB55}"
EndProject
Global
	GlobalSection(SolutionConfigurationPlatforms) = preSolution
		Debug|Any CPU = Debug|Any CPU
		Release|Any CPU = Release|Any CPU
	EndGlobalSection
	GlobalSection(ProjectConfigurationPlatforms) = postSolution
		{FAB9EA0F-0E14-E34D-03F7-9A2AA6BBDB55}.Debug|Any CPU.ActiveCfg = Debug|Any CPU
		{FAB9EA0F-0E14-E34D-03F7-9A2AA6BBDB55}.Debug|Any CPU.Build.0 = Debug|Any CPU
		{FAB9EA0F-0E14-E34D-03F7-9A2AA6BBDB55}.Release|Any CPU.ActiveCfg = Release|Any CPU
		{FAB9EA0F-0E14-E34D-03F7-9A2AA6BBDB55}.Release|Any CPU.Build.0 = Release|Any CPU
	EndGlobalSection
	GlobalSection(SolutionProperties) = preSolution
		HideSolutionNode = FALSE
	EndGlobalSection
EndGlobal
